
Microsoft Visual Studio Solution File, Format Version 12.00
# Visual Studio 14
VisualStudioVersion = 14.0.25420.1
MinimumVisualStudioVersion = 10.0.40219.1
Project("{FAE04EC0-301F-11D3-BF4B-00C04F79EFBC}") = "MeinErstes", "MeinErstes\MeinErstes.csproj", "{93F118D8-2A19-45F4-8F25-27D09ACEA1C3}"
EndProject
Project("{FAE04EC0-301F-11D3-BF4B-00C04F79EFBC}") = "ÜName_BtnTetris", "ÜName\ÜName_BtnTetris.csproj", "{EE3AEB87-3BA2-4EB9-BDB2-6D4F01913E18}"
EndProject
Project("{FAE04EC0-301F-11D3-BF4B-00C04F79EFBC}") = "Datentypen", "Datentypen\Datentypen.csproj", "{8F79DF2D-C3F3-4C50-989A-D89D92D01D42}"
EndProject
Project("{FAE04EC0-301F-11D3-BF4B-00C04F79EFBC}") = "Gültigkeitsbereich", "Gültigkeitsbereich\Gültigkeitsbereich.csproj", "{0EF0D343-F9F9-4776-A407-CDE5C8D84038}"
EndProject
Project("{FAE04EC0-301F-11D3-BF4B-00C04F79EFBC}") = "Konstanten", "Konstanten\Konstanten.csproj", "{75D4FF7A-B748-47AE-9797-28D96AB438EC}"
EndProject
Project("{FAE04EC0-301F-11D3-BF4B-00C04F79EFBC}") = "Rechenoperatoren", "Rechenoperatoren\Rechenoperatoren.csproj", "{6FFFDB2D-165F-43B9-9BCD-71BED2AABD39}"
EndProject
Project("{FAE04EC0-301F-11D3-BF4B-00C04F79EFBC}") = "Vergleichsoperatoren", "Vergleichsoperatoren\Vergleichsoperatoren.csproj", "{6AA376AE-7845-4A46-AFEF-206FD978445E}"
EndProject
Project("{FAE04EC0-301F-11D3-BF4B-00C04F79EFBC}") = "RangFolgeOperatoren", "RangFolgeOperatoren\RangFolgeOperatoren.csproj", "{CA3AD0F6-68B6-40A2-A43B-9C09A333C56C}"
EndProject
Project("{FAE04EC0-301F-11D3-BF4B-00C04F79EFBC}") = "EinfacheSteuerelementePanel", "EinfacheSteuerelemente\EinfacheSteuerelementePanel.csproj", "{610D09BF-39E0-4A28-BCB7-A2850AA6051A}"
EndProject
Project("{FAE04EC0-301F-11D3-BF4B-00C04F79EFBC}") = "EinfacheSteuerelementeZeitgeber", "Zeitgeber\EinfacheSteuerelementeZeitgeber.csproj", "{0A6BA6EB-EC94-4FAB-BE80-8B5078B0FAD0}"
EndProject
Project("{FAE04EC0-301F-11D3-BF4B-00C04F79EFBC}") = "Kran", "Kran\Kran.csproj", "{8A20C9F2-EF25-4F91-ACD3-4254DC270F70}"
EndProject
Project("{FAE04EC0-301F-11D3-BF4B-00C04F79EFBC}") = "Textfelder", "Textfelder\Textfelder.csproj", "{2779A5AB-899F-4DF7-B3B0-F59E67920EBD}"
EndProject
Project("{FAE04EC0-301F-11D3-BF4B-00C04F79EFBC}") = "ZahlenAufAb", "ZahlenAufAb\ZahlenAufAb.csproj", "{322B6934-9C84-4CD1-97CC-D34D9A3131AC}"
EndProject
Project("{FAE04EC0-301F-11D3-BF4B-00C04F79EFBC}") = "IfElse", "IfElse\IfElse.csproj", "{2196BF32-50BD-4E42-B91F-51B4569F7CCD}"
EndProject
Project("{FAE04EC0-301F-11D3-BF4B-00C04F79EFBC}") = "SwitchCase", "SwitchCase\SwitchCase.csproj", "{3E673B0F-BCB3-438E-9E43-B9E542B30FD7}"
EndProject
Project("{FAE04EC0-301F-11D3-BF4B-00C04F79EFBC}") = "ÜSteuerbetrag", "ÜSteuerbetrag\ÜSteuerbetrag.csproj", "{86E25B96-1BB8-4953-AB96-41519584578B}"
EndProject
Global
	GlobalSection(SolutionConfigurationPlatforms) = preSolution
		Debug|Any CPU = Debug|Any CPU
		Release|Any CPU = Release|Any CPU
	EndGlobalSection
	GlobalSection(ProjectConfigurationPlatforms) = postSolution
		{93F118D8-2A19-45F4-8F25-27D09ACEA1C3}.Debug|Any CPU.ActiveCfg = Debug|Any CPU
		{93F118D8-2A19-45F4-8F25-27D09ACEA1C3}.Debug|Any CPU.Build.0 = Debug|Any CPU
		{93F118D8-2A19-45F4-8F25-27D09ACEA1C3}.Release|Any CPU.ActiveCfg = Release|Any CPU
		{93F118D8-2A19-45F4-8F25-27D09ACEA1C3}.Release|Any CPU.Build.0 = Release|Any CPU
		{EE3AEB87-3BA2-4EB9-BDB2-6D4F01913E18}.Debug|Any CPU.ActiveCfg = Debug|Any CPU
		{EE3AEB87-3BA2-4EB9-BDB2-6D4F01913E18}.Debug|Any CPU.Build.0 = Debug|Any CPU
		{EE3AEB87-3BA2-4EB9-BDB2-6D4F01913E18}.Release|Any CPU.ActiveCfg = Release|Any CPU
		{EE3AEB87-3BA2-4EB9-BDB2-6D4F01913E18}.Release|Any CPU.Build.0 = Release|Any CPU
		{8F79DF2D-C3F3-4C50-989A-D89D92D01D42}.Debug|Any CPU.ActiveCfg = Debug|Any CPU
		{8F79DF2D-C3F3-4C50-989A-D89D92D01D42}.Debug|Any CPU.Build.0 = Debug|Any CPU
		{8F79DF2D-C3F3-4C50-989A-D89D92D01D42}.Release|Any CPU.ActiveCfg = Release|Any CPU
		{8F79DF2D-C3F3-4C50-989A-D89D92D01D42}.Release|Any CPU.Build.0 = Release|Any CPU
		{0EF0D343-F9F9-4776-A407-CDE5C8D84038}.Debug|Any CPU.ActiveCfg = Debug|Any CPU
		{0EF0D343-F9F9-4776-A407-CDE5C8D84038}.Debug|Any CPU.Build.0 = Debug|Any CPU
		{0EF0D343-F9F9-4776-A407-CDE5C8D84038}.Release|Any CPU.ActiveCfg = Release|Any CPU
		{0EF0D343-F9F9-4776-A407-CDE5C8D84038}.Release|Any CPU.Build.0 = Release|Any CPU
		{75D4FF7A-B748-47AE-9797-28D96AB438EC}.Debug|Any CPU.ActiveCfg = Debug|Any CPU
		{75D4FF7A-B748-47AE-9797-28D96AB438EC}.Debug|Any CPU.Build.0 = Debug|Any CPU
		{75D4FF7A-B748-47AE-9797-28D96AB438EC}.Release|Any CPU.ActiveCfg = Release|Any CPU
		{75D4FF7A-B748-47AE-9797-28D96AB438EC}.Release|Any CPU.Build.0 = Release|Any CPU
		{6FFFDB2D-165F-43B9-9BCD-71BED2AABD39}.Debug|Any CPU.ActiveCfg = Debug|Any CPU
		{6FFFDB2D-165F-43B9-9BCD-71BED2AABD39}.Debug|Any CPU.Build.0 = Debug|Any CPU
		{6FFFDB2D-165F-43B9-9BCD-71BED2AABD39}.Release|Any CPU.ActiveCfg = Release|Any CPU
		{6FFFDB2D-165F-43B9-9BCD-71BED2AABD39}.Release|Any CPU.Build.0 = Release|Any CPU
		{6AA376AE-7845-4A46-AFEF-206FD978445E}.Debug|Any CPU.ActiveCfg = Debug|Any CPU
		{6AA376AE-7845-4A46-AFEF-206FD978445E}.Debug|Any CPU.Build.0 = Debug|Any CPU
		{6AA376AE-7845-4A46-AFEF-206FD978445E}.Release|Any CPU.ActiveCfg = Release|Any CPU
		{6AA376AE-7845-4A46-AFEF-206FD978445E}.Release|Any CPU.Build.0 = Release|Any CPU
		{CA3AD0F6-68B6-40A2-A43B-9C09A333C56C}.Debug|Any CPU.ActiveCfg = Debug|Any CPU
		{CA3AD0F6-68B6-40A2-A43B-9C09A333C56C}.Debug|Any CPU.Build.0 = Debug|Any CPU
		{CA3AD0F6-68B6-40A2-A43B-9C09A333C56C}.Release|Any CPU.ActiveCfg = Release|Any CPU
		{CA3AD0F6-68B6-40A2-A43B-9C09A333C56C}.Release|Any CPU.Build.0 = Release|Any CPU
		{610D09BF-39E0-4A28-BCB7-A2850AA6051A}.Debug|Any CPU.ActiveCfg = Debug|Any CPU
		{610D09BF-39E0-4A28-BCB7-A2850AA6051A}.Debug|Any CPU.Build.0 = Debug|Any CPU
		{610D09BF-39E0-4A28-BCB7-A2850AA6051A}.Release|Any CPU.ActiveCfg = Release|Any CPU
		{610D09BF-39E0-4A28-BCB7-A2850AA6051A}.Release|Any CPU.Build.0 = Release|Any CPU
		{0A6BA6EB-EC94-4FAB-BE80-8B5078B0FAD0}.Debug|Any CPU.ActiveCfg = Debug|Any CPU
		{0A6BA6EB-EC94-4FAB-BE80-8B5078B0FAD0}.Debug|Any CPU.Build.0 = Debug|Any CPU
		{0A6BA6EB-EC94-4FAB-BE80-8B5078B0FAD0}.Release|Any CPU.ActiveCfg = Release|Any CPU
		{0A6BA6EB-EC94-4FAB-BE80-8B5078B0FAD0}.Release|Any CPU.Build.0 = Release|Any CPU
		{8A20C9F2-EF25-4F91-ACD3-4254DC270F70}.Debug|Any CPU.ActiveCfg = Debug|Any CPU
		{8A20C9F2-EF25-4F91-ACD3-4254DC270F70}.Debug|Any CPU.Build.0 = Debug|Any CPU
		{8A20C9F2-EF25-4F91-ACD3-4254DC270F70}.Release|Any CPU.ActiveCfg = Release|Any CPU
		{8A20C9F2-EF25-4F91-ACD3-4254DC270F70}.Release|Any CPU.Build.0 = Release|Any CPU
		{2779A5AB-899F-4DF7-B3B0-F59E67920EBD}.Debug|Any CPU.ActiveCfg = Debug|Any CPU
		{2779A5AB-899F-4DF7-B3B0-F59E67920EBD}.Debug|Any CPU.Build.0 = Debug|Any CPU
		{2779A5AB-899F-4DF7-B3B0-F59E67920EBD}.Release|Any CPU.ActiveCfg = Release|Any CPU
		{2779A5AB-899F-4DF7-B3B0-F59E67920EBD}.Release|Any CPU.Build.0 = Release|Any CPU
		{322B6934-9C84-4CD1-97CC-D34D9A3131AC}.Debug|Any CPU.ActiveCfg = Debug|Any CPU
		{322B6934-9C84-4CD1-97CC-D34D9A3131AC}.Debug|Any CPU.Build.0 = Debug|Any CPU
		{322B6934-9C84-4CD1-97CC-D34D9A3131AC}.Release|Any CPU.ActiveCfg = Release|Any CPU
		{322B6934-9C84-4CD1-97CC-D34D9A3131AC}.Release|Any CPU.Build.0 = Release|Any CPU
		{2196BF32-50BD-4E42-B91F-51B4569F7CCD}.Debug|Any CPU.ActiveCfg = Debug|Any CPU
		{2196BF32-50BD-4E42-B91F-51B4569F7CCD}.Debug|Any CPU.Build.0 = Debug|Any CPU
		{2196BF32-50BD-4E42-B91F-51B4569F7CCD}.Release|Any CPU.ActiveCfg = Release|Any CPU
		{2196BF32-50BD-4E42-B91F-51B4569F7CCD}.Release|Any CPU.Build.0 = Release|Any CPU
		{3E673B0F-BCB3-438E-9E43-B9E542B30FD7}.Debug|Any CPU.ActiveCfg = Debug|Any CPU
		{3E673B0F-BCB3-438E-9E43-B9E542B30FD7}.Debug|Any CPU.Build.0 = Debug|Any CPU
		{3E673B0F-BCB3-438E-9E43-B9E542B30FD7}.Release|Any CPU.ActiveCfg = Release|Any CPU
		{3E673B0F-BCB3-438E-9E43-B9E542B30FD7}.Release|Any CPU.Build.0 = Release|Any CPU
		{86E25B96-1BB8-4953-AB96-41519584578B}.Debug|Any CPU.ActiveCfg = Debug|Any CPU
		{86E25B96-1BB8-4953-AB96-41519584578B}.Debug|Any CPU.Build.0 = Debug|Any CPU
		{86E25B96-1BB8-4953-AB96-41519584578B}.Release|Any CPU.ActiveCfg = Release|Any CPU
		{86E25B96-1BB8-4953-AB96-41519584578B}.Release|Any CPU.Build.0 = Release|Any CPU
	EndGlobalSection
	GlobalSection(SolutionProperties) = preSolution
		HideSolutionNode = FALSE
	EndGlobalSection
EndGlobal
